// !$*UTF8*$!
{
	archiveVersion = 1;
	classes = {
	};
	objectVersion = 56;
	objects = {

/* Begin PBXBuildFile section */
		6DA5FBB92A83C0EB005FB2AB /* NHKSearcherApp.swift in Sources */ = {isa = PBXBuildFile; fileRef = 6DA5FBB82A83C0EB005FB2AB /* NHKSearcherApp.swift */; };
		6DA5FBBD2A83C0ED005FB2AB /* Assets.xcassets in Resources */ = {isa = PBXBuildFile; fileRef = 6DA5FBBC2A83C0ED005FB2AB /* Assets.xcassets */; };
		6DA5FBC02A83C0ED005FB2AB /* Preview Assets.xcassets in Resources */ = {isa = PBXBuildFile; fileRef = 6DA5FBBF2A83C0ED005FB2AB /* Preview Assets.xcassets */; };
		6DA5FBCA2A83C0ED005FB2AB /* NHKSearcherTests.swift in Sources */ = {isa = PBXBuildFile; fileRef = 6DA5FBC92A83C0ED005FB2AB /* NHKSearcherTests.swift */; };
		6DA5FBD42A83C0ED005FB2AB /* NHKSearcherUITests.swift in Sources */ = {isa = PBXBuildFile; fileRef = 6DA5FBD32A83C0ED005FB2AB /* NHKSearcherUITests.swift */; };
		6DA5FBD62A83C0ED005FB2AB /* NHKSearcherUITestsLaunchTests.swift in Sources */ = {isa = PBXBuildFile; fileRef = 6DA5FBD52A83C0ED005FB2AB /* NHKSearcherUITestsLaunchTests.swift */; };
		6DA5FBE82A83C2CF005FB2AB /* ProgramSearchView.swift in Sources */ = {isa = PBXBuildFile; fileRef = 6DA5FBE72A83C2CF005FB2AB /* ProgramSearchView.swift */; };
		6DA5FBEC2A83C8B9005FB2AB /* ProgramSearchPresenter.swift in Sources */ = {isa = PBXBuildFile; fileRef = 6DA5FBEB2A83C8B9005FB2AB /* ProgramSearchPresenter.swift */; };
		6DA5FBEF2A83CAA6005FB2AB /* ProgramInteractor.swift in Sources */ = {isa = PBXBuildFile; fileRef = 6DA5FBEE2A83CAA6005FB2AB /* ProgramInteractor.swift */; };
		6DA5FBF12A83CB70005FB2AB /* ModelError.swift in Sources */ = {isa = PBXBuildFile; fileRef = 6DA5FBF02A83CB70005FB2AB /* ModelError.swift */; };
/* End PBXBuildFile section */

/* Begin PBXContainerItemProxy section */
		6DA5FBC62A83C0ED005FB2AB /* PBXContainerItemProxy */ = {
			isa = PBXContainerItemProxy;
			containerPortal = 6DA5FBAD2A83C0EB005FB2AB /* Project object */;
			proxyType = 1;
			remoteGlobalIDString = 6DA5FBB42A83C0EB005FB2AB;
			remoteInfo = NHKSearcher;
		};
		6DA5FBD02A83C0ED005FB2AB /* PBXContainerItemProxy */ = {
			isa = PBXContainerItemProxy;
			containerPortal = 6DA5FBAD2A83C0EB005FB2AB /* Project object */;
			proxyType = 1;
			remoteGlobalIDString = 6DA5FBB42A83C0EB005FB2AB;
			remoteInfo = NHKSearcher;
		};
/* End PBXContainerItemProxy section */

/* Begin PBXFileReference section */
		6DA5FBB52A83C0EB005FB2AB /* NHKSearcher.app */ = {isa = PBXFileReference; explicitFileType = wrapper.application; includeInIndex = 0; path = NHKSearcher.app; sourceTree = BUILT_PRODUCTS_DIR; };
		6DA5FBB82A83C0EB005FB2AB /* NHKSearcherApp.swift */ = {isa = PBXFileReference; lastKnownFileType = sourcecode.swift; path = NHKSearcherApp.swift; sourceTree = "<group>"; };
		6DA5FBBC2A83C0ED005FB2AB /* Assets.xcassets */ = {isa = PBXFileReference; lastKnownFileType = folder.assetcatalog; path = Assets.xcassets; sourceTree = "<group>"; };
		6DA5FBBF2A83C0ED005FB2AB /* Preview Assets.xcassets */ = {isa = PBXFileReference; lastKnownFileType = folder.assetcatalog; path = "Preview Assets.xcassets"; sourceTree = "<group>"; };
		6DA5FBC52A83C0ED005FB2AB /* NHKSearcherTests.xctest */ = {isa = PBXFileReference; explicitFileType = wrapper.cfbundle; includeInIndex = 0; path = NHKSearcherTests.xctest; sourceTree = BUILT_PRODUCTS_DIR; };
		6DA5FBC92A83C0ED005FB2AB /* NHKSearcherTests.swift */ = {isa = PBXFileReference; lastKnownFileType = sourcecode.swift; path = NHKSearcherTests.swift; sourceTree = "<group>"; };
		6DA5FBCF2A83C0ED005FB2AB /* NHKSearcherUITests.xctest */ = {isa = PBXFileReference; explicitFileType = wrapper.cfbundle; includeInIndex = 0; path = NHKSearcherUITests.xctest; sourceTree = BUILT_PRODUCTS_DIR; };
		6DA5FBD32A83C0ED005FB2AB /* NHKSearcherUITests.swift */ = {isa = PBXFileReference; lastKnownFileType = sourcecode.swift; path = NHKSearcherUITests.swift; sourceTree = "<group>"; };
		6DA5FBD52A83C0ED005FB2AB /* NHKSearcherUITestsLaunchTests.swift */ = {isa = PBXFileReference; lastKnownFileType = sourcecode.swift; path = NHKSearcherUITestsLaunchTests.swift; sourceTree = "<group>"; };
		6DA5FBE72A83C2CF005FB2AB /* ProgramSearchView.swift */ = {isa = PBXFileReference; lastKnownFileType = sourcecode.swift; path = ProgramSearchView.swift; sourceTree = "<group>"; };
		6DA5FBEB2A83C8B9005FB2AB /* ProgramSearchPresenter.swift */ = {isa = PBXFileReference; lastKnownFileType = sourcecode.swift; path = ProgramSearchPresenter.swift; sourceTree = "<group>"; };
		6DA5FBEE2A83CAA6005FB2AB /* ProgramInteractor.swift */ = {isa = PBXFileReference; lastKnownFileType = sourcecode.swift; path = ProgramInteractor.swift; sourceTree = "<group>"; };
		6DA5FBF02A83CB70005FB2AB /* ModelError.swift */ = {isa = PBXFileReference; lastKnownFileType = sourcecode.swift; path = ModelError.swift; sourceTree = "<group>"; };
/* End PBXFileReference section */

/* Begin PBXFrameworksBuildPhase section */
		6DA5FBB22A83C0EB005FB2AB /* Frameworks */ = {
			isa = PBXFrameworksBuildPhase;
			buildActionMask = 2147483647;
			files = (
			);
			runOnlyForDeploymentPostprocessing = 0;
		};
		6DA5FBC22A83C0ED005FB2AB /* Frameworks */ = {
			isa = PBXFrameworksBuildPhase;
			buildActionMask = 2147483647;
			files = (
			);
			runOnlyForDeploymentPostprocessing = 0;
		};
		6DA5FBCC2A83C0ED005FB2AB /* Frameworks */ = {
			isa = PBXFrameworksBuildPhase;
			buildActionMask = 2147483647;
			files = (
			);
			runOnlyForDeploymentPostprocessing = 0;
		};
/* End PBXFrameworksBuildPhase section */

/* Begin PBXGroup section */
		6DA5FBAC2A83C0EB005FB2AB = {
			isa = PBXGroup;
			children = (
				6DA5FBB72A83C0EB005FB2AB /* NHKSearcher */,
				6DA5FBC82A83C0ED005FB2AB /* NHKSearcherTests */,
				6DA5FBD22A83C0ED005FB2AB /* NHKSearcherUITests */,
				6DA5FBB62A83C0EB005FB2AB /* Products */,
			);
			sourceTree = "<group>";
		};
		6DA5FBB62A83C0EB005FB2AB /* Products */ = {
			isa = PBXGroup;
			children = (
				6DA5FBB52A83C0EB005FB2AB /* NHKSearcher.app */,
				6DA5FBC52A83C0ED005FB2AB /* NHKSearcherTests.xctest */,
				6DA5FBCF2A83C0ED005FB2AB /* NHKSearcherUITests.xctest */,
			);
			name = Products;
			sourceTree = "<group>";
		};
		6DA5FBB72A83C0EB005FB2AB /* NHKSearcher */ = {
			isa = PBXGroup;
			children = (
				6DA5FBED2A83CA86005FB2AB /* Interactor */,
				6DA5FBEA2A83C869005FB2AB /* Presenter */,
				6DA5FBE22A83C11B005FB2AB /* View */,
				6DA5FBB82A83C0EB005FB2AB /* NHKSearcherApp.swift */,
				6DA5FBBC2A83C0ED005FB2AB /* Assets.xcassets */,
				6DA5FBBE2A83C0ED005FB2AB /* Preview Content */,
			);
			path = NHKSearcher;
			sourceTree = "<group>";
		};
		6DA5FBBE2A83C0ED005FB2AB /* Preview Content */ = {
			isa = PBXGroup;
			children = (
				6DA5FBBF2A83C0ED005FB2AB /* Preview Assets.xcassets */,
			);
			path = "Preview Content";
			sourceTree = "<group>";
		};
		6DA5FBC82A83C0ED005FB2AB /* NHKSearcherTests */ = {
			isa = PBXGroup;
			children = (
				6DA5FBC92A83C0ED005FB2AB /* NHKSearcherTests.swift */,
			);
			path = NHKSearcherTests;
			sourceTree = "<group>";
		};
		6DA5FBD22A83C0ED005FB2AB /* NHKSearcherUITests */ = {
			isa = PBXGroup;
			children = (
				6DA5FBD32A83C0ED005FB2AB /* NHKSearcherUITests.swift */,
				6DA5FBD52A83C0ED005FB2AB /* NHKSearcherUITestsLaunchTests.swift */,
			);
			path = NHKSearcherUITests;
			sourceTree = "<group>";
		};
		6DA5FBE22A83C11B005FB2AB /* View */ = {
			isa = PBXGroup;
			children = (
				6DA5FBE72A83C2CF005FB2AB /* ProgramSearchView.swift */,
			);
			path = View;
			sourceTree = "<group>";
		};
		6DA5FBEA2A83C869005FB2AB /* Presenter */ = {
			isa = PBXGroup;
			children = (
				6DA5FBEB2A83C8B9005FB2AB /* ProgramSearchPresenter.swift */,
			);
			path = Presenter;
			sourceTree = "<group>";
		};
		6DA5FBED2A83CA86005FB2AB /* Interactor */ = {
			isa = PBXGroup;
			children = (
				6DA5FBEE2A83CAA6005FB2AB /* ProgramInteractor.swift */,
				6DA5FBF02A83CB70005FB2AB /* ModelError.swift */,
			);
			path = Interactor;
			sourceTree = "<group>";
		};
/* End PBXGroup section */

/* Begin PBXNativeTarget section */
		6DA5FBB42A83C0EB005FB2AB /* NHKSearcher */ = {
			isa = PBXNativeTarget;
			buildConfigurationList = 6DA5FBD92A83C0ED005FB2AB /* Build configuration list for PBXNativeTarget "NHKSearcher" */;
			buildPhases = (
				6DA5FBB12A83C0EB005FB2AB /* Sources */,
				6DA5FBB22A83C0EB005FB2AB /* Frameworks */,
				6DA5FBB32A83C0EB005FB2AB /* Resources */,
				6DA5FBE92A83C722005FB2AB /* ShellScript */,
			);
			buildRules = (
			);
			dependencies = (
			);
			name = NHKSearcher;
			productName = NHKSearcher;
			productReference = 6DA5FBB52A83C0EB005FB2AB /* NHKSearcher.app */;
			productType = "com.apple.product-type.application";
		};
		6DA5FBC42A83C0ED005FB2AB /* NHKSearcherTests */ = {
			isa = PBXNativeTarget;
			buildConfigurationList = 6DA5FBDC2A83C0ED005FB2AB /* Build configuration list for PBXNativeTarget "NHKSearcherTests" */;
			buildPhases = (
				6DA5FBC12A83C0ED005FB2AB /* Sources */,
				6DA5FBC22A83C0ED005FB2AB /* Frameworks */,
				6DA5FBC32A83C0ED005FB2AB /* Resources */,
			);
			buildRules = (
			);
			dependencies = (
				6DA5FBC72A83C0ED005FB2AB /* PBXTargetDependency */,
			);
			name = NHKSearcherTests;
			productName = NHKSearcherTests;
			productReference = 6DA5FBC52A83C0ED005FB2AB /* NHKSearcherTests.xctest */;
			productType = "com.apple.product-type.bundle.unit-test";
		};
		6DA5FBCE2A83C0ED005FB2AB /* NHKSearcherUITests */ = {
			isa = PBXNativeTarget;
			buildConfigurationList = 6DA5FBDF2A83C0ED005FB2AB /* Build configuration list for PBXNativeTarget "NHKSearcherUITests" */;
			buildPhases = (
				6DA5FBCB2A83C0ED005FB2AB /* Sources */,
				6DA5FBCC2A83C0ED005FB2AB /* Frameworks */,
				6DA5FBCD2A83C0ED005FB2AB /* Resources */,
			);
			buildRules = (
			);
			dependencies = (
				6DA5FBD12A83C0ED005FB2AB /* PBXTargetDependency */,
			);
			name = NHKSearcherUITests;
			productName = NHKSearcherUITests;
			productReference = 6DA5FBCF2A83C0ED005FB2AB /* NHKSearcherUITests.xctest */;
			productType = "com.apple.product-type.bundle.ui-testing";
		};
/* End PBXNativeTarget section */

/* Begin PBXProject section */
		6DA5FBAD2A83C0EB005FB2AB /* Project object */ = {
			isa = PBXProject;
			attributes = {
				BuildIndependentTargetsInParallel = 1;
				LastSwiftUpdateCheck = 1430;
				LastUpgradeCheck = 1430;
				TargetAttributes = {
					6DA5FBB42A83C0EB005FB2AB = {
						CreatedOnToolsVersion = 14.3.1;
					};
					6DA5FBC42A83C0ED005FB2AB = {
						CreatedOnToolsVersion = 14.3.1;
						TestTargetID = 6DA5FBB42A83C0EB005FB2AB;
					};
					6DA5FBCE2A83C0ED005FB2AB = {
						CreatedOnToolsVersion = 14.3.1;
						TestTargetID = 6DA5FBB42A83C0EB005FB2AB;
					};
				};
			};
			buildConfigurationList = 6DA5FBB02A83C0EB005FB2AB /* Build configuration list for PBXProject "NHKSearcher" */;
			compatibilityVersion = "Xcode 14.0";
			developmentRegion = en;
			hasScannedForEncodings = 0;
			knownRegions = (
				en,
				Base,
			);
			mainGroup = 6DA5FBAC2A83C0EB005FB2AB;
			productRefGroup = 6DA5FBB62A83C0EB005FB2AB /* Products */;
			projectDirPath = "";
			projectRoot = "";
			targets = (
				6DA5FBB42A83C0EB005FB2AB /* NHKSearcher */,
				6DA5FBC42A83C0ED005FB2AB /* NHKSearcherTests */,
				6DA5FBCE2A83C0ED005FB2AB /* NHKSearcherUITests */,
			);
		};
/* End PBXProject section */

/* Begin PBXResourcesBuildPhase section */
		6DA5FBB32A83C0EB005FB2AB /* Resources */ = {
			isa = PBXResourcesBuildPhase;
			buildActionMask = 2147483647;
			files = (
				6DA5FBC02A83C0ED005FB2AB /* Preview Assets.xcassets in Resources */,
				6DA5FBBD2A83C0ED005FB2AB /* Assets.xcassets in Resources */,
			);
			runOnlyForDeploymentPostprocessing = 0;
		};
		6DA5FBC32A83C0ED005FB2AB /* Resources */ = {
			isa = PBXResourcesBuildPhase;
			buildActionMask = 2147483647;
			files = (
			);
			runOnlyForDeploymentPostprocessing = 0;
		};
		6DA5FBCD2A83C0ED005FB2AB /* Resources */ = {
			isa = PBXResourcesBuildPhase;
			buildActionMask = 2147483647;
			files = (
			);
			runOnlyForDeploymentPostprocessing = 0;
		};
/* End PBXResourcesBuildPhase section */

/* Begin PBXShellScriptBuildPhase section */
		6DA5FBE92A83C722005FB2AB /* ShellScript */ = {
			isa = PBXShellScriptBuildPhase;
			buildActionMask = 2147483647;
			files = (
			);
			inputFileListPaths = (
			);
			inputPaths = (
			);
			outputFileListPaths = (
			);
			outputPaths = (
			);
			runOnlyForDeploymentPostprocessing = 0;
			shellPath = /bin/sh;
			shellScript = "if which swiftlint >/dev/null; then\n  swiftlint autocorrect --format # 自動修正の有効化\n  swiftlint\nelse\n  echo \"SwiftLint does not exist, download from https://github.com/realm/SwiftLint\"\nfi\n\n";
		};
/* End PBXShellScriptBuildPhase section */

/* Begin PBXSourcesBuildPhase section */
		6DA5FBB12A83C0EB005FB2AB /* Sources */ = {
			isa = PBXSourcesBuildPhase;
			buildActionMask = 2147483647;
			files = (
				6DA5FBEC2A83C8B9005FB2AB /* ProgramSearchPresenter.swift in Sources */,
				6DA5FBEF2A83CAA6005FB2AB /* ProgramInteractor.swift in Sources */,
				6DA5FBF12A83CB70005FB2AB /* ModelError.swift in Sources */,
				6DA5FBB92A83C0EB005FB2AB /* NHKSearcherApp.swift in Sources */,
				6DA5FBE82A83C2CF005FB2AB /* ProgramSearchView.swift in Sources */,
			);
			runOnlyForDeploymentPostprocessing = 0;
		};
		6DA5FBC12A83C0ED005FB2AB /* Sources */ = {
			isa = PBXSourcesBuildPhase;
			buildActionMask = 2147483647;
			files = (
				6DA5FBCA2A83C0ED005FB2AB /* NHKSearcherTests.swift in Sources */,
			);
			runOnlyForDeploymentPostprocessing = 0;
		};
		6DA5FBCB2A83C0ED005FB2AB /* Sources */ = {
			isa = PBXSourcesBuildPhase;
			buildActionMask = 2147483647;
			files = (
				6DA5FBD42A83C0ED005FB2AB /* NHKSearcherUITests.swift in Sources */,
				6DA5FBD62A83C0ED005FB2AB /* NHKSearcherUITestsLaunchTests.swift in Sources */,
			);
			runOnlyForDeploymentPostprocessing = 0;
		};
/* End PBXSourcesBuildPhase section */

/* Begin PBXTargetDependency section */
		6DA5FBC72A83C0ED005FB2AB /* PBXTargetDependency */ = {
			isa = PBXTargetDependency;
			target = 6DA5FBB42A83C0EB005FB2AB /* NHKSearcher */;
			targetProxy = 6DA5FBC62A83C0ED005FB2AB /* PBXContainerItemProxy */;
		};
		6DA5FBD12A83C0ED005FB2AB /* PBXTargetDependency */ = {
			isa = PBXTargetDependency;
			target = 6DA5FBB42A83C0EB005FB2AB /* NHKSearcher */;
			targetProxy = 6DA5FBD02A83C0ED005FB2AB /* PBXContainerItemProxy */;
		};
/* End PBXTargetDependency section */

/* Begin XCBuildConfiguration section */
		6DA5FBD72A83C0ED005FB2AB /* Debug */ = {
			isa = XCBuildConfiguration;
			buildSettings = {
				ALWAYS_SEARCH_USER_PATHS = NO;
				CLANG_ANALYZER_NONNULL = YES;
				CLANG_ANALYZER_NUMBER_OBJECT_CONVERSION = YES_AGGRESSIVE;
				CLANG_CXX_LANGUAGE_STANDARD = "gnu++20";
				CLANG_ENABLE_MODULES = YES;
				CLANG_ENABLE_OBJC_ARC = YES;
				CLANG_ENABLE_OBJC_WEAK = YES;
				CLANG_WARN_BLOCK_CAPTURE_AUTORELEASING = YES;
				CLANG_WARN_BOOL_CONVERSION = YES;
				CLANG_WARN_COMMA = YES;
				CLANG_WARN_CONSTANT_CONVERSION = YES;
				CLANG_WARN_DEPRECATED_OBJC_IMPLEMENTATIONS = YES;
				CLANG_WARN_DIRECT_OBJC_ISA_USAGE = YES_ERROR;
				CLANG_WARN_DOCUMENTATION_COMMENTS = YES;
				CLANG_WARN_EMPTY_BODY = YES;
				CLANG_WARN_ENUM_CONVERSION = YES;
				CLANG_WARN_INFINITE_RECURSION = YES;
				CLANG_WARN_INT_CONVERSION = YES;
				CLANG_WARN_NON_LITERAL_NULL_CONVERSION = YES;
				CLANG_WARN_OBJC_IMPLICIT_RETAIN_SELF = YES;
				CLANG_WARN_OBJC_LITERAL_CONVERSION = YES;
				CLANG_WARN_OBJC_ROOT_CLASS = YES_ERROR;
				CLANG_WARN_QUOTED_INCLUDE_IN_FRAMEWORK_HEADER = YES;
				CLANG_WARN_RANGE_LOOP_ANALYSIS = YES;
				CLANG_WARN_STRICT_PROTOTYPES = YES;
				CLANG_WARN_SUSPICIOUS_MOVE = YES;
				CLANG_WARN_UNGUARDED_AVAILABILITY = YES_AGGRESSIVE;
				CLANG_WARN_UNREACHABLE_CODE = YES;
				CLANG_WARN__DUPLICATE_METHOD_MATCH = YES;
				COPY_PHASE_STRIP = NO;
				DEBUG_INFORMATION_FORMAT = dwarf;
				ENABLE_STRICT_OBJC_MSGSEND = YES;
				ENABLE_TESTABILITY = YES;
				GCC_C_LANGUAGE_STANDARD = gnu11;
				GCC_DYNAMIC_NO_PIC = NO;
				GCC_NO_COMMON_BLOCKS = YES;
				GCC_OPTIMIZATION_LEVEL = 0;
				GCC_PREPROCESSOR_DEFINITIONS = (
					"DEBUG=1",
					"$(inherited)",
				);
				GCC_WARN_64_TO_32_BIT_CONVERSION = YES;
				GCC_WARN_ABOUT_RETURN_TYPE = YES_ERROR;
				GCC_WARN_UNDECLARED_SELECTOR = YES;
				GCC_WARN_UNINITIALIZED_AUTOS = YES_AGGRESSIVE;
				GCC_WARN_UNUSED_FUNCTION = YES;
				GCC_WARN_UNUSED_VARIABLE = YES;
				IPHONEOS_DEPLOYMENT_TARGET = 16.4;
				MTL_ENABLE_DEBUG_INFO = INCLUDE_SOURCE;
				MTL_FAST_MATH = YES;
				ONLY_ACTIVE_ARCH = YES;
				SDKROOT = iphoneos;
				SWIFT_ACTIVE_COMPILATION_CONDITIONS = DEBUG;
				SWIFT_OPTIMIZATION_LEVEL = "-Onone";
			};
			name = Debug;
		};
		6DA5FBD82A83C0ED005FB2AB /* Release */ = {
			isa = XCBuildConfiguration;
			buildSettings = {
				ALWAYS_SEARCH_USER_PATHS = NO;
				CLANG_ANALYZER_NONNULL = YES;
				CLANG_ANALYZER_NUMBER_OBJECT_CONVERSION = YES_AGGRESSIVE;
				CLANG_CXX_LANGUAGE_STANDARD = "gnu++20";
				CLANG_ENABLE_MODULES = YES;
				CLANG_ENABLE_OBJC_ARC = YES;
				CLANG_ENABLE_OBJC_WEAK = YES;
				CLANG_WARN_BLOCK_CAPTURE_AUTORELEASING = YES;
				CLANG_WARN_BOOL_CONVERSION = YES;
				CLANG_WARN_COMMA = YES;
				CLANG_WARN_CONSTANT_CONVERSION = YES;
				CLANG_WARN_DEPRECATED_OBJC_IMPLEMENTATIONS = YES;
				CLANG_WARN_DIRECT_OBJC_ISA_USAGE = YES_ERROR;
				CLANG_WARN_DOCUMENTATION_COMMENTS = YES;
				CLANG_WARN_EMPTY_BODY = YES;
				CLANG_WARN_ENUM_CONVERSION = YES;
				CLANG_WARN_INFINITE_RECURSION = YES;
				CLANG_WARN_INT_CONVERSION = YES;
				CLANG_WARN_NON_LITERAL_NULL_CONVERSION = YES;
				CLANG_WARN_OBJC_IMPLICIT_RETAIN_SELF = YES;
				CLANG_WARN_OBJC_LITERAL_CONVERSION = YES;
				CLANG_WARN_OBJC_ROOT_CLASS = YES_ERROR;
				CLANG_WARN_QUOTED_INCLUDE_IN_FRAMEWORK_HEADER = YES;
				CLANG_WARN_RANGE_LOOP_ANALYSIS = YES;
				CLANG_WARN_STRICT_PROTOTYPES = YES;
				CLANG_WARN_SUSPICIOUS_MOVE = YES;
				CLANG_WARN_UNGUARDED_AVAILABILITY = YES_AGGRESSIVE;
				CLANG_WARN_UNREACHABLE_CODE = YES;
				CLANG_WARN__DUPLICATE_METHOD_MATCH = YES;
				COPY_PHASE_STRIP = NO;
				DEBUG_INFORMATION_FORMAT = "dwarf-with-dsym";
				ENABLE_NS_ASSERTIONS = NO;
				ENABLE_STRICT_OBJC_MSGSEND = YES;
				GCC_C_LANGUAGE_STANDARD = gnu11;
				GCC_NO_COMMON_BLOCKS = YES;
				GCC_WARN_64_TO_32_BIT_CONVERSION = YES;
				GCC_WARN_ABOUT_RETURN_TYPE = YES_ERROR;
				GCC_WARN_UNDECLARED_SELECTOR = YES;
				GCC_WARN_UNINITIALIZED_AUTOS = YES_AGGRESSIVE;
				GCC_WARN_UNUSED_FUNCTION = YES;
				GCC_WARN_UNUSED_VARIABLE = YES;
				IPHONEOS_DEPLOYMENT_TARGET = 16.4;
				MTL_ENABLE_DEBUG_INFO = NO;
				MTL_FAST_MATH = YES;
				SDKROOT = iphoneos;
				SWIFT_COMPILATION_MODE = wholemodule;
				SWIFT_OPTIMIZATION_LEVEL = "-O";
				VALIDATE_PRODUCT = YES;
			};
			name = Release;
		};
		6DA5FBDA2A83C0ED005FB2AB /* Debug */ = {
			isa = XCBuildConfiguration;
			buildSettings = {
				ASSETCATALOG_COMPILER_APPICON_NAME = AppIcon;
				ASSETCATALOG_COMPILER_GLOBAL_ACCENT_COLOR_NAME = AccentColor;
				CODE_SIGN_STYLE = Automatic;
				CURRENT_PROJECT_VERSION = 1;
				DEVELOPMENT_ASSET_PATHS = "\"NHKSearcher/Preview Content\"";
				ENABLE_PREVIEWS = YES;
				GENERATE_INFOPLIST_FILE = YES;
				INFOPLIST_KEY_UIApplicationSceneManifest_Generation = YES;
				INFOPLIST_KEY_UIApplicationSupportsIndirectInputEvents = YES;
				INFOPLIST_KEY_UILaunchScreen_Generation = YES;
				INFOPLIST_KEY_UISupportedInterfaceOrientations_iPad = "UIInterfaceOrientationPortrait UIInterfaceOrientationPortraitUpsideDown UIInterfaceOrientationLandscapeLeft UIInterfaceOrientationLandscapeRight";
				INFOPLIST_KEY_UISupportedInterfaceOrientations_iPhone = "UIInterfaceOrientationPortrait UIInterfaceOrientationLandscapeLeft UIInterfaceOrientationLandscapeRight";
				LD_RUNPATH_SEARCH_PATHS = (
					"$(inherited)",
					"@executable_path/Frameworks",
				);
				MARKETING_VERSION = 1.0;
				PRODUCT_BUNDLE_IDENTIFIER = nda.NHKSearcher;
				PRODUCT_NAME = "$(TARGET_NAME)";
				SWIFT_EMIT_LOC_STRINGS = YES;
				SWIFT_VERSION = 5.0;
				TARGETED_DEVICE_FAMILY = "1,2";
			};
			name = Debug;
		};
		6DA5FBDB2A83C0ED005FB2AB /* Release */ = {
			isa = XCBuildConfiguration;
			buildSettings = {
				ASSETCATALOG_COMPILER_APPICON_NAME = AppIcon;
				ASSETCATALOG_COMPILER_GLOBAL_ACCENT_COLOR_NAME = AccentColor;
				CODE_SIGN_STYLE = Automatic;
				CURRENT_PROJECT_VERSION = 1;
				DEVELOPMENT_ASSET_PATHS = "\"NHKSearcher/Preview Content\"";
				ENABLE_PREVIEWS = YES;
				GENERATE_INFOPLIST_FILE = YES;
				INFOPLIST_KEY_UIApplicationSceneManifest_Generation = YES;
				INFOPLIST_KEY_UIApplicationSupportsIndirectInputEvents = YES;
				INFOPLIST_KEY_UILaunchScreen_Generation = YES;
				INFOPLIST_KEY_UISupportedInterfaceOrientations_iPad = "UIInterfaceOrientationPortrait UIInterfaceOrientationPortraitUpsideDown UIInterfaceOrientationLandscapeLeft UIInterfaceOrientationLandscapeRight";
				INFOPLIST_KEY_UISupportedInterfaceOrientations_iPhone = "UIInterfaceOrientationPortrait UIInterfaceOrientationLandscapeLeft UIInterfaceOrientationLandscapeRight";
				LD_RUNPATH_SEARCH_PATHS = (
					"$(inherited)",
					"@executable_path/Frameworks",
				);
				MARKETING_VERSION = 1.0;
				PRODUCT_BUNDLE_IDENTIFIER = nda.NHKSearcher;
				PRODUCT_NAME = "$(TARGET_NAME)";
				SWIFT_EMIT_LOC_STRINGS = YES;
				SWIFT_VERSION = 5.0;
				TARGETED_DEVICE_FAMILY = "1,2";
			};
			name = Release;
		};
		6DA5FBDD2A83C0ED005FB2AB /* Debug */ = {
			isa = XCBuildConfiguration;
			buildSettings = {
				ALWAYS_EMBED_SWIFT_STANDARD_LIBRARIES = YES;
				BUNDLE_LOADER = "$(TEST_HOST)";
				CODE_SIGN_STYLE = Automatic;
				CURRENT_PROJECT_VERSION = 1;
				GENERATE_INFOPLIST_FILE = YES;
				IPHONEOS_DEPLOYMENT_TARGET = 16.4;
				MARKETING_VERSION = 1.0;
				PRODUCT_BUNDLE_IDENTIFIER = nda.NHKSearcherTests;
				PRODUCT_NAME = "$(TARGET_NAME)";
				SWIFT_EMIT_LOC_STRINGS = NO;
				SWIFT_VERSION = 5.0;
				TARGETED_DEVICE_FAMILY = "1,2";
				TEST_HOST = "$(BUILT_PRODUCTS_DIR)/NHKSearcher.app/$(BUNDLE_EXECUTABLE_FOLDER_PATH)/NHKSearcher";
			};
			name = Debug;
		};
		6DA5FBDE2A83C0ED005FB2AB /* Release */ = {
			isa = XCBuildConfiguration;
			buildSettings = {
				ALWAYS_EMBED_SWIFT_STANDARD_LIBRARIES = YES;
				BUNDLE_LOADER = "$(TEST_HOST)";
				CODE_SIGN_STYLE = Automatic;
				CURRENT_PROJECT_VERSION = 1;
				GENERATE_INFOPLIST_FILE = YES;
				IPHONEOS_DEPLOYMENT_TARGET = 16.4;
				MARKETING_VERSION = 1.0;
				PRODUCT_BUNDLE_IDENTIFIER = nda.NHKSearcherTests;
				PRODUCT_NAME = "$(TARGET_NAME)";
				SWIFT_EMIT_LOC_STRINGS = NO;
				SWIFT_VERSION = 5.0;
				TARGETED_DEVICE_FAMILY = "1,2";
				TEST_HOST = "$(BUILT_PRODUCTS_DIR)/NHKSearcher.app/$(BUNDLE_EXECUTABLE_FOLDER_PATH)/NHKSearcher";
			};
			name = Release;
		};
		6DA5FBE02A83C0ED005FB2AB /* Debug */ = {
			isa = XCBuildConfiguration;
			buildSettings = {
				ALWAYS_EMBED_SWIFT_STANDARD_LIBRARIES = YES;
				CODE_SIGN_STYLE = Automatic;
				CURRENT_PROJECT_VERSION = 1;
				GENERATE_INFOPLIST_FILE = YES;
				MARKETING_VERSION = 1.0;
				PRODUCT_BUNDLE_IDENTIFIER = nda.NHKSearcherUITests;
				PRODUCT_NAME = "$(TARGET_NAME)";
				SWIFT_EMIT_LOC_STRINGS = NO;
				SWIFT_VERSION = 5.0;
				TARGETED_DEVICE_FAMILY = "1,2";
				TEST_TARGET_NAME = NHKSearcher;
			};
			name = Debug;
		};
		6DA5FBE12A83C0ED005FB2AB /* Release */ = {
			isa = XCBuildConfiguration;
			buildSettings = {
				ALWAYS_EMBED_SWIFT_STANDARD_LIBRARIES = YES;
				CODE_SIGN_STYLE = Automatic;
				CURRENT_PROJECT_VERSION = 1;
				GENERATE_INFOPLIST_FILE = YES;
				MARKETING_VERSION = 1.0;
				PRODUCT_BUNDLE_IDENTIFIER = nda.NHKSearcherUITests;
				PRODUCT_NAME = "$(TARGET_NAME)";
				SWIFT_EMIT_LOC_STRINGS = NO;
				SWIFT_VERSION = 5.0;
				TARGETED_DEVICE_FAMILY = "1,2";
				TEST_TARGET_NAME = NHKSearcher;
			};
			name = Release;
		};
/* End XCBuildConfiguration section */

/* Begin XCConfigurationList section */
		6DA5FBB02A83C0EB005FB2AB /* Build configuration list for PBXProject "NHKSearcher" */ = {
			isa = XCConfigurationList;
			buildConfigurations = (
				6DA5FBD72A83C0ED005FB2AB /* Debug */,
				6DA5FBD82A83C0ED005FB2AB /* Release */,
			);
			defaultConfigurationIsVisible = 0;
			defaultConfigurationName = Release;
		};
		6DA5FBD92A83C0ED005FB2AB /* Build configuration list for PBXNativeTarget "NHKSearcher" */ = {
			isa = XCConfigurationList;
			buildConfigurations = (
				6DA5FBDA2A83C0ED005FB2AB /* Debug */,
				6DA5FBDB2A83C0ED005FB2AB /* Release */,
			);
			defaultConfigurationIsVisible = 0;
			defaultConfigurationName = Release;
		};
		6DA5FBDC2A83C0ED005FB2AB /* Build configuration list for PBXNativeTarget "NHKSearcherTests" */ = {
			isa = XCConfigurationList;
			buildConfigurations = (
				6DA5FBDD2A83C0ED005FB2AB /* Debug */,
				6DA5FBDE2A83C0ED005FB2AB /* Release */,
			);
			defaultConfigurationIsVisible = 0;
			defaultConfigurationName = Release;
		};
		6DA5FBDF2A83C0ED005FB2AB /* Build configuration list for PBXNativeTarget "NHKSearcherUITests" */ = {
			isa = XCConfigurationList;
			buildConfigurations = (
				6DA5FBE02A83C0ED005FB2AB /* Debug */,
				6DA5FBE12A83C0ED005FB2AB /* Release */,
			);
			defaultConfigurationIsVisible = 0;
			defaultConfigurationName = Release;
		};
/* End XCConfigurationList section */
	};
	rootObject = 6DA5FBAD2A83C0EB005FB2AB /* Project object */;
}
